# THIS IS AN AUTOGENERATED FILE. DO NOT EDIT THIS FILE DIRECTLY.
# yarn lockfile v1


"@prettier/plugin-php@^0.22.2":
  version "0.22.2"
  resolved "https://registry.yarnpkg.com/@prettier/plugin-php/-/plugin-php-0.22.2.tgz#9a575f7f53ce102d72bb17fa0bd6580f1618bbd9"
  integrity sha512-md0+7tNbsP0oy+wIP3KZZc6fzx1k1jtWaMjOy/gM8yU9f2BDYEi+iHOc/UNPihYvPI28zFTbjvlhH4QXQjQwNg==
  dependencies:
    linguist-languages "^7.27.0"
    php-parser "^3.1.5"

linguist-languages@^7.27.0:
  version "7.27.0"
  resolved "https://registry.yarnpkg.com/linguist-languages/-/linguist-languages-7.27.0.tgz#bf42d6c62bd04655c8f60ed2f77a84eaeae4023a"
  integrity sha512-Wzx/22c5Jsv2ag+uKy+ITanGA5hzvBZngrNGDXLTC7ZjGM6FLCYGgomauTkxNJeP9of353OM0pWqngYA180xgw==

php-parser@^3.1.5:
  version "3.1.5"
  resolved "https://registry.yarnpkg.com/php-parser/-/php-parser-3.1.5.tgz#84500e5b5c6a0907e32c38b931bb4e7d3f275026"
  integrity sha512-jEY2DcbgCm5aclzBdfW86GM6VEIWcSlhTBSHN1qhJguVePlYe28GhwS0yoeLYXpM2K8y6wzLwrbq814n2PHSoQ==

prettier@^3.3.2:
  version "3.3.2"
  resolved "https://registry.yarnpkg.com/prettier/-/prettier-3.3.2.tgz#03ff86dc7c835f2d2559ee76876a3914cec4a90a"
  integrity sha512-rAVeHYMcv8ATV5d508CFdn+8/pHPpXeIid1DdrPwXnaAdH7cqjVbpJaT5eq4yRAFU/lsbwYwSF/n5iNrdJHPQA==
